
Microsoft Visual Studio Solution File, Format Version 12.00
# Visual Studio Version 17
VisualStudioVersion = 17.11.35312.102
MinimumVisualStudioVersion = 10.0.40219.1
Project("{FAE04EC0-301F-11D3-BF4B-00C04F79EFBC}") = "ConsoleCountDigit", "ConsoleCountDigit\ConsoleCountDigit.csproj", "{ABC29E5F-C4F8-41D9-8DF5-96743589D143}"
EndProject
Global
	GlobalSection(SolutionConfigurationPlatforms) = preSolution
		Debug|Any CPU = Debug|Any CPU
		Release|Any CPU = Release|Any CPU
	EndGlobalSection
	GlobalSection(ProjectConfigurationPlatforms) = postSolution
		{ABC29E5F-C4F8-41D9-8DF5-96743589D143}.Debug|Any CPU.ActiveCfg = Debug|Any CPU
		{ABC29E5F-C4F8-41D9-8DF5-96743589D143}.Debug|Any CPU.Build.0 = Debug|Any CPU
		{ABC29E5F-C4F8-41D9-8DF5-96743589D143}.Release|Any CPU.ActiveCfg = Release|Any CPU
		{ABC29E5F-C4F8-41D9-8DF5-96743589D143}.Release|Any CPU.Build.0 = Release|Any CPU
	EndGlobalSection
	GlobalSection(SolutionProperties) = preSolution
		HideSolutionNode = FALSE
	EndGlobalSection
	GlobalSection(ExtensibilityGlobals) = postSolution
		SolutionGuid = {96EEC394-496A-4A9A-B3D9-B52F7C8DDE16}
	EndGlobalSection
EndGlobal
